{
  "version": 4,
  "terraform_version": "1.3.8",
  "serial": 3,
  "lineage": "720be7bb-cd72-8696-f2ad-c8d1eb042968",
  "outputs": {},
  "resources": [
    {
      "mode": "managed",
      "type": "google_dataflow_flex_template_job",
      "name": "big_data_job",
      "provider": "provider[\"registry.terraform.io/hashicorp/google-beta\"]",
      "instances": [
        {
          "schema_version": 0,
          "attributes": {
            "container_spec_gcs_path": "gs://edem-serverless-bucket/data-project2-flowtemplate.json",
            "id": "2023-02-13_07_24_37-662338930333071277",
            "job_id": "2023-02-13_07_24_37-662338930333071277",
            "labels": null,
            "name": "dataflow-flextemplates-job",
            "on_delete": "cancel",
            "parameters": {
              "input_subscription": "panels_info-sub",
              "output_bigquery": "solarPanelsDP2.Panel_Data",
              "output_bigquery_agg": "solarPanelsDP2.Panel_Data_agg",
              "output_topic": "panels_output",
              "staging_location": "gs://deft-epigram-375817/stg",
              "temp_location": "gs://deft-epigram-375817/tmp"
            },
            "project": "deft-epigram-375817",
            "region": "europe-west1",
            "skip_wait_on_job_termination": false,
            "state": "JOB_STATE_RUNNING"
          },
          "sensitive_attributes": [],
          "private": "bnVsbA=="
        }
      ]
    }
  ],
  "check_results": null
}
